
Microsoft Visual Studio Solution File, Format Version 12.00
# Visual Studio Version 16
VisualStudioVersion = 16.0.29920.165
MinimumVisualStudioVersion = 10.0.40219.1
Project("{FAE04EC0-301F-11D3-BF4B-00C04F79EFBC}") = "RT2NMEA", "RT2NMEA.csproj", "{FF4F6399-B4E4-4A92-999C-2F3F1894104C}"
EndProject
Global
	GlobalSection(SolutionConfigurationPlatforms) = preSolution
		Debug|Any CPU = Debug|Any CPU
		Release|Any CPU = Release|Any CPU
	EndGlobalSection
	GlobalSection(ProjectConfigurationPlatforms) = postSolution
		{FF4F6399-B4E4-4A92-999C-2F3F1894104C}.Debug|Any CPU.ActiveCfg = Debug|Any CPU
		{FF4F6399-B4E4-4A92-999C-2F3F1894104C}.Debug|Any CPU.Build.0 = Debug|Any CPU
		{FF4F6399-B4E4-4A92-999C-2F3F1894104C}.Release|Any CPU.ActiveCfg = Release|Any CPU
		{FF4F6399-B4E4-4A92-999C-2F3F1894104C}.Release|Any CPU.Build.0 = Release|Any CPU
	EndGlobalSection
	GlobalSection(SolutionProperties) = preSolution
		HideSolutionNode = FALSE
	EndGlobalSection
	GlobalSection(ExtensibilityGlobals) = postSolution
		SolutionGuid = {D448C887-9268-45A9-A6FC-1615B6A311FD}
	EndGlobalSection
EndGlobal
